// !$*UTF8*$!
{
	archiveVersion = 1;
	classes = {
	};
	objectVersion = 46;
	objects = {

/* Begin PBXBuildFile section */
		3FEDEC991CC7BBE10017DA3F /* AppDelegate.swift in Sources */ = {isa = PBXBuildFile; fileRef = 3FEDEC981CC7BBE10017DA3F /* AppDelegate.swift */; };
		3FEDEC9E1CC7BBE10017DA3F /* Main.storyboard in Resources */ = {isa = PBXBuildFile; fileRef = 3FEDEC9C1CC7BBE10017DA3F /* Main.storyboard */; };
		3FEDECA01CC7BBE10017DA3F /* Assets.xcassets in Resources */ = {isa = PBXBuildFile; fileRef = 3FEDEC9F1CC7BBE10017DA3F /* Assets.xcassets */; };
		3FEDECA31CC7BBE10017DA3F /* LaunchScreen.storyboard in Resources */ = {isa = PBXBuildFile; fileRef = 3FEDECA11CC7BBE10017DA3F /* LaunchScreen.storyboard */; };
		3FEDECAB1CC7BC310017DA3F /* Item Class.swift in Sources */ = {isa = PBXBuildFile; fileRef = 3FEDECAA1CC7BC310017DA3F /* Item Class.swift */; };
		3FEDECAD1CC7BC900017DA3F /* ItemStore.swift in Sources */ = {isa = PBXBuildFile; fileRef = 3FEDECAC1CC7BC900017DA3F /* ItemStore.swift */; };
		3FEDECAF1CC91BC20017DA3F /* ItemsViewController.swift in Sources */ = {isa = PBXBuildFile; fileRef = 3FEDECAE1CC91BC20017DA3F /* ItemsViewController.swift */; };
/* End PBXBuildFile section */

/* Begin PBXFileReference section */
		3FEDEC951CC7BBE10017DA3F /* HomeOwner2.app */ = {isa = PBXFileReference; explicitFileType = wrapper.application; includeInIndex = 0; path = HomeOwner2.app; sourceTree = BUILT_PRODUCTS_DIR; };
		3FEDEC981CC7BBE10017DA3F /* AppDelegate.swift */ = {isa = PBXFileReference; lastKnownFileType = sourcecode.swift; path = AppDelegate.swift; sourceTree = "<group>"; };
		3FEDEC9D1CC7BBE10017DA3F /* Base */ = {isa = PBXFileReference; lastKnownFileType = file.storyboard; name = Base; path = Base.lproj/Main.storyboard; sourceTree = "<group>"; };
		3FEDEC9F1CC7BBE10017DA3F /* Assets.xcassets */ = {isa = PBXFileReference; lastKnownFileType = folder.assetcatalog; path = Assets.xcassets; sourceTree = "<group>"; };
		3FEDECA21CC7BBE10017DA3F /* Base */ = {isa = PBXFileReference; lastKnownFileType = file.storyboard; name = Base; path = Base.lproj/LaunchScreen.storyboard; sourceTree = "<group>"; };
		3FEDECA41CC7BBE10017DA3F /* Info.plist */ = {isa = PBXFileReference; lastKnownFileType = text.plist.xml; path = Info.plist; sourceTree = "<group>"; };
		3FEDECAA1CC7BC310017DA3F /* Item Class.swift */ = {isa = PBXFileReference; fileEncoding = 4; lastKnownFileType = sourcecode.swift; name = "Item Class.swift"; path = "../Item Class.swift"; sourceTree = "<group>"; };
		3FEDECAC1CC7BC900017DA3F /* ItemStore.swift */ = {isa = PBXFileReference; fileEncoding = 4; lastKnownFileType = sourcecode.swift; name = ItemStore.swift; path = ../ItemStore.swift; sourceTree = "<group>"; };
		3FEDECAE1CC91BC20017DA3F /* ItemsViewController.swift */ = {isa = PBXFileReference; fileEncoding = 4; lastKnownFileType = sourcecode.swift; path = ItemsViewController.swift; sourceTree = "<group>"; };
/* End PBXFileReference section */

/* Begin PBXFrameworksBuildPhase section */
		3FEDEC921CC7BBE10017DA3F /* Frameworks */ = {
			isa = PBXFrameworksBuildPhase;
			buildActionMask = 2147483647;
			files = (
			);
			runOnlyForDeploymentPostprocessing = 0;
		};
/* End PBXFrameworksBuildPhase section */

/* Begin PBXGroup section */
		3FEDEC8C1CC7BBE10017DA3F = {
			isa = PBXGroup;
			children = (
				3FEDEC971CC7BBE10017DA3F /* HomeOwner2 */,
				3FEDEC961CC7BBE10017DA3F /* Products */,
			);
			sourceTree = "<group>";
		};
		3FEDEC961CC7BBE10017DA3F /* Products */ = {
			isa = PBXGroup;
			children = (
				3FEDEC951CC7BBE10017DA3F /* HomeOwner2.app */,
			);
			name = Products;
			sourceTree = "<group>";
		};
		3FEDEC971CC7BBE10017DA3F /* HomeOwner2 */ = {
			isa = PBXGroup;
			children = (
				3FEDEC981CC7BBE10017DA3F /* AppDelegate.swift */,
				3FEDECAE1CC91BC20017DA3F /* ItemsViewController.swift */,
				3FEDECAA1CC7BC310017DA3F /* Item Class.swift */,
				3FEDECAC1CC7BC900017DA3F /* ItemStore.swift */,
				3FEDEC9C1CC7BBE10017DA3F /* Main.storyboard */,
				3FEDEC9F1CC7BBE10017DA3F /* Assets.xcassets */,
				3FEDECA11CC7BBE10017DA3F /* LaunchScreen.storyboard */,
				3FEDECA41CC7BBE10017DA3F /* Info.plist */,
			);
			path = HomeOwner2;
			sourceTree = "<group>";
		};
/* End PBXGroup section */

/* Begin PBXNativeTarget section */
		3FEDEC941CC7BBE10017DA3F /* HomeOwner2 */ = {
			isa = PBXNativeTarget;
			buildConfigurationList = 3FEDECA71CC7BBE10017DA3F /* Build configuration list for PBXNativeTarget "HomeOwner2" */;
			buildPhases = (
				3FEDEC911CC7BBE10017DA3F /* Sources */,
				3FEDEC921CC7BBE10017DA3F /* Frameworks */,
				3FEDEC931CC7BBE10017DA3F /* Resources */,
			);
			buildRules = (
			);
			dependencies = (
			);
			name = HomeOwner2;
			productName = HomeOwner2;
			productReference = 3FEDEC951CC7BBE10017DA3F /* HomeOwner2.app */;
			productType = "com.apple.product-type.application";
		};
/* End PBXNativeTarget section */

/* Begin PBXProject section */
		3FEDEC8D1CC7BBE10017DA3F /* Project object */ = {
			isa = PBXProject;
			attributes = {
				LastSwiftUpdateCheck = 0730;
				LastUpgradeCheck = 0730;
				ORGANIZATIONNAME = shp;
				TargetAttributes = {
					3FEDEC941CC7BBE10017DA3F = {
						CreatedOnToolsVersion = 7.3;
					};
				};
			};
			buildConfigurationList = 3FEDEC901CC7BBE10017DA3F /* Build configuration list for PBXProject "HomeOwner2" */;
			compatibilityVersion = "Xcode 3.2";
			developmentRegion = English;
			hasScannedForEncodings = 0;
			knownRegions = (
				en,
				Base,
			);
			mainGroup = 3FEDEC8C1CC7BBE10017DA3F;
			productRefGroup = 3FEDEC961CC7BBE10017DA3F /* Products */;
			projectDirPath = "";
			projectRoot = "";
			targets = (
				3FEDEC941CC7BBE10017DA3F /* HomeOwner2 */,
			);
		};
/* End PBXProject section */

/* Begin PBXResourcesBuildPhase section */
		3FEDEC931CC7BBE10017DA3F /* Resources */ = {
			isa = PBXResourcesBuildPhase;
			buildActionMask = 2147483647;
			files = (
				3FEDECA31CC7BBE10017DA3F /* LaunchScreen.storyboard in Resources */,
				3FEDECA01CC7BBE10017DA3F /* Assets.xcassets in Resources */,
				3FEDEC9E1CC7BBE10017DA3F /* Main.storyboard in Resources */,
			);
			runOnlyForDeploymentPostprocessing = 0;
		};
/* End PBXResourcesBuildPhase section */

/* Begin PBXSourcesBuildPhase section */
		3FEDEC911CC7BBE10017DA3F /* Sources */ = {
			isa = PBXSourcesBuildPhase;
			buildActionMask = 2147483647;
			files = (
				3FEDECAF1CC91BC20017DA3F /* ItemsViewController.swift in Sources */,
				3FEDECAB1CC7BC310017DA3F /* Item Class.swift in Sources */,
				3FEDECAD1CC7BC900017DA3F /* ItemStore.swift in Sources */,
				3FEDEC991CC7BBE10017DA3F /* AppDelegate.swift in Sources */,
			);
			runOnlyForDeploymentPostprocessing = 0;
		};
/* End PBXSourcesBuildPhase section */

/* Begin PBXVariantGroup section */
		3FEDEC9C1CC7BBE10017DA3F /* Main.storyboard */ = {
			isa = PBXVariantGroup;
			children = (
				3FEDEC9D1CC7BBE10017DA3F /* Base */,
			);
			name = Main.storyboard;
			sourceTree = "<group>";
		};
		3FEDECA11CC7BBE10017DA3F /* LaunchScreen.storyboard */ = {
			isa = PBXVariantGroup;
			children = (
				3FEDECA21CC7BBE10017DA3F /* Base */,
			);
			name = LaunchScreen.storyboard;
			sourceTree = "<group>";
		};
/* End PBXVariantGroup section */

/* Begin XCBuildConfiguration section */
		3FEDECA51CC7BBE10017DA3F /* Debug */ = {
			isa = XCBuildConfiguration;
			buildSettings = {
				ALWAYS_SEARCH_USER_PATHS = NO;
				CLANG_ANALYZER_NONNULL = YES;
				CLANG_CXX_LANGUAGE_STANDARD = "gnu++0x";
				CLANG_CXX_LIBRARY = "libc++";
				CLANG_ENABLE_MODULES = YES;
				CLANG_ENABLE_OBJC_ARC = YES;
				CLANG_WARN_BOOL_CONVERSION = YES;
				CLANG_WARN_CONSTANT_CONVERSION = YES;
				CLANG_WARN_DIRECT_OBJC_ISA_USAGE = YES_ERROR;
				CLANG_WARN_EMPTY_BODY = YES;
				CLANG_WARN_ENUM_CONVERSION = YES;
				CLANG_WARN_INT_CONVERSION = YES;
				CLANG_WARN_OBJC_ROOT_CLASS = YES_ERROR;
				CLANG_WARN_UNREACHABLE_CODE = YES;
				CLANG_WARN__DUPLICATE_METHOD_MATCH = YES;
				"CODE_SIGN_IDENTITY[sdk=iphoneos*]" = "iPhone Developer";
				COPY_PHASE_STRIP = NO;
				DEBUG_INFORMATION_FORMAT = dwarf;
				ENABLE_STRICT_OBJC_MSGSEND = YES;
				ENABLE_TESTABILITY = YES;
				GCC_C_LANGUAGE_STANDARD = gnu99;
				GCC_DYNAMIC_NO_PIC = NO;
				GCC_NO_COMMON_BLOCKS = YES;
				GCC_OPTIMIZATION_LEVEL = 0;
				GCC_PREPROCESSOR_DEFINITIONS = (
					"DEBUG=1",
					"$(inherited)",
				);
				GCC_WARN_64_TO_32_BIT_CONVERSION = YES;
				GCC_WARN_ABOUT_RETURN_TYPE = YES_ERROR;
				GCC_WARN_UNDECLARED_SELECTOR = YES;
				GCC_WARN_UNINITIALIZED_AUTOS = YES_AGGRESSIVE;
				GCC_WARN_UNUSED_FUNCTION = YES;
				GCC_WARN_UNUSED_VARIABLE = YES;
				IPHONEOS_DEPLOYMENT_TARGET = 9.3;
				MTL_ENABLE_DEBUG_INFO = YES;
				ONLY_ACTIVE_ARCH = YES;
				SDKROOT = iphoneos;
				SWIFT_OPTIMIZATION_LEVEL = "-Onone";
			};
			name = Debug;
		};
		3FEDECA61CC7BBE10017DA3F /* Release */ = {
			isa = XCBuildConfiguration;
			buildSettings = {
				ALWAYS_SEARCH_USER_PATHS = NO;
				CLANG_ANALYZER_NONNULL = YES;
				CLANG_CXX_LANGUAGE_STANDARD = "gnu++0x";
				CLANG_CXX_LIBRARY = "libc++";
				CLANG_ENABLE_MODULES = YES;
				CLANG_ENABLE_OBJC_ARC = YES;
				CLANG_WARN_BOOL_CONVERSION = YES;
				CLANG_WARN_CONSTANT_CONVERSION = YES;
				CLANG_WARN_DIRECT_OBJC_ISA_USAGE = YES_ERROR;
				CLANG_WARN_EMPTY_BODY = YES;
				CLANG_WARN_ENUM_CONVERSION = YES;
				CLANG_WARN_INT_CONVERSION = YES;
				CLANG_WARN_OBJC_ROOT_CLASS = YES_ERROR;
				CLANG_WARN_UNREACHABLE_CODE = YES;
				CLANG_WARN__DUPLICATE_METHOD_MATCH = YES;
				"CODE_SIGN_IDENTITY[sdk=iphoneos*]" = "iPhone Developer";
				COPY_PHASE_STRIP = NO;
				DEBUG_INFORMATION_FORMAT = "dwarf-with-dsym";
				ENABLE_NS_ASSERTIONS = NO;
				ENABLE_STRICT_OBJC_MSGSEND = YES;
				GCC_C_LANGUAGE_STANDARD = gnu99;
				GCC_NO_COMMON_BLOCKS = YES;
				GCC_WARN_64_TO_32_BIT_CONVERSION = YES;
				GCC_WARN_ABOUT_RETURN_TYPE = YES_ERROR;
				GCC_WARN_UNDECLARED_SELECTOR = YES;
				GCC_WARN_UNINITIALIZED_AUTOS = YES_AGGRESSIVE;
				GCC_WARN_UNUSED_FUNCTION = YES;
				GCC_WARN_UNUSED_VARIABLE = YES;
				IPHONEOS_DEPLOYMENT_TARGET = 9.3;
				MTL_ENABLE_DEBUG_INFO = NO;
				SDKROOT = iphoneos;
				VALIDATE_PRODUCT = YES;
			};
			name = Release;
		};
		3FEDECA81CC7BBE10017DA3F /* Debug */ = {
			isa = XCBuildConfiguration;
			buildSettings = {
				ASSETCATALOG_COMPILER_APPICON_NAME = AppIcon;
				INFOPLIST_FILE = HomeOwner2/Info.plist;
				LD_RUNPATH_SEARCH_PATHS = "$(inherited) @executable_path/Frameworks";
				PRODUCT_BUNDLE_IDENTIFIER = org.shp.HomeOwner2;
				PRODUCT_NAME = "$(TARGET_NAME)";
			};
			name = Debug;
		};
		3FEDECA91CC7BBE10017DA3F /* Release */ = {
			isa = XCBuildConfiguration;
			buildSettings = {
				ASSETCATALOG_COMPILER_APPICON_NAME = AppIcon;
				INFOPLIST_FILE = HomeOwner2/Info.plist;
				LD_RUNPATH_SEARCH_PATHS = "$(inherited) @executable_path/Frameworks";
				PRODUCT_BUNDLE_IDENTIFIER = org.shp.HomeOwner2;
				PRODUCT_NAME = "$(TARGET_NAME)";
			};
			name = Release;
		};
/* End XCBuildConfiguration section */

/* Begin XCConfigurationList section */
		3FEDEC901CC7BBE10017DA3F /* Build configuration list for PBXProject "HomeOwner2" */ = {
			isa = XCConfigurationList;
			buildConfigurations = (
				3FEDECA51CC7BBE10017DA3F /* Debug */,
				3FEDECA61CC7BBE10017DA3F /* Release */,
			);
			defaultConfigurationIsVisible = 0;
			defaultConfigurationName = Release;
		};
		3FEDECA71CC7BBE10017DA3F /* Build configuration list for PBXNativeTarget "HomeOwner2" */ = {
			isa = XCConfigurationList;
			buildConfigurations = (
				3FEDECA81CC7BBE10017DA3F /* Debug */,
				3FEDECA91CC7BBE10017DA3F /* Release */,
			);
			defaultConfigurationIsVisible = 0;
			defaultConfigurationName = Release;
		};
/* End XCConfigurationList section */
	};
	rootObject = 3FEDEC8D1CC7BBE10017DA3F /* Project object */;
}
